
Microsoft Visual Studio Solution File, Format Version 12.00
# Visual Studio Version 16
VisualStudioVersion = 16.0.30406.217
MinimumVisualStudioVersion = 10.0.40219.1
Project("{FAE04EC0-301F-11D3-BF4B-00C04F79EFBC}") = "az104mod9", "az104mod9\az104mod9.csproj", "{15294759-E3F7-48F8-8271-E594F8B7686B}"
EndProject
Global
	GlobalSection(SolutionConfigurationPlatforms) = preSolution
		Debug|Any CPU = Debug|Any CPU
		Release|Any CPU = Release|Any CPU
	EndGlobalSection
	GlobalSection(ProjectConfigurationPlatforms) = postSolution
		{15294759-E3F7-48F8-8271-E594F8B7686B}.Debug|Any CPU.ActiveCfg = Debug|Any CPU
		{15294759-E3F7-48F8-8271-E594F8B7686B}.Debug|Any CPU.Build.0 = Debug|Any CPU
		{15294759-E3F7-48F8-8271-E594F8B7686B}.Release|Any CPU.ActiveCfg = Release|Any CPU
		{15294759-E3F7-48F8-8271-E594F8B7686B}.Release|Any CPU.Build.0 = Release|Any CPU
	EndGlobalSection
	GlobalSection(SolutionProperties) = preSolution
		HideSolutionNode = FALSE
	EndGlobalSection
	GlobalSection(ExtensibilityGlobals) = postSolution
		SolutionGuid = {62B5678C-4F29-43F4-AB8B-716C8BFF4AA1}
	EndGlobalSection
EndGlobal
